// !$*UTF8*$!
{
	archiveVersion = 1;
	classes = {
	};
	objectVersion = 56;
	objects = {

/* Begin PBXBuildFile section */
		8E249E0F2BD98F3300DD43B1 /* AllMovieVC.swift in Sources */ = {isa = PBXBuildFile; fileRef = 8E249E0E2BD98F3300DD43B1 /* AllMovieVC.swift */; };
		8E249E112BD9977D00DD43B1 /* DetailVC.swift in Sources */ = {isa = PBXBuildFile; fileRef = 8E249E102BD9977D00DD43B1 /* DetailVC.swift */; };
		8E249E132BD9A0BD00DD43B1 /* WatchListVC.swift in Sources */ = {isa = PBXBuildFile; fileRef = 8E249E122BD9A0BD00DD43B1 /* WatchListVC.swift */; };
		8EAB40862BDCB97D00F91021 /* GenreVC.swift in Sources */ = {isa = PBXBuildFile; fileRef = 8EAB40852BDCB97D00F91021 /* GenreVC.swift */; };
		8EAB40882BDCE41800F91021 /* LandingVC.swift in Sources */ = {isa = PBXBuildFile; fileRef = 8EAB40872BDCE41800F91021 /* LandingVC.swift */; };
		B22DE9EC2BD83046003C9E0E /* AppDelegate.swift in Sources */ = {isa = PBXBuildFile; fileRef = B22DE9EB2BD83046003C9E0E /* AppDelegate.swift */; };
		B22DE9F02BD83046003C9E0E /* ViewController.swift in Sources */ = {isa = PBXBuildFile; fileRef = B22DE9EF2BD83046003C9E0E /* ViewController.swift */; };
		B22DE9F32BD83046003C9E0E /* Base in Resources */ = {isa = PBXBuildFile; fileRef = B22DE9F22BD83046003C9E0E /* Base */; };
		B22DE9F52BD8304A003C9E0E /* Assets.xcassets in Resources */ = {isa = PBXBuildFile; fileRef = B22DE9F42BD8304A003C9E0E /* Assets.xcassets */; };
		B22DE9F82BD8304A003C9E0E /* Base in Resources */ = {isa = PBXBuildFile; fileRef = B22DE9F72BD8304A003C9E0E /* Base */; };
		B22DEA042BD83200003C9E0E /* CustomCollectionView.swift in Sources */ = {isa = PBXBuildFile; fileRef = B22DE9FF2BD83200003C9E0E /* CustomCollectionView.swift */; };
		B22DEA052BD83200003C9E0E /* Extensions.swift in Sources */ = {isa = PBXBuildFile; fileRef = B22DEA002BD83200003C9E0E /* Extensions.swift */; };
		B22DEA062BD83200003C9E0E /* navigationHelper.swift in Sources */ = {isa = PBXBuildFile; fileRef = B22DEA012BD83200003C9E0E /* navigationHelper.swift */; };
		B22DEA072BD83200003C9E0E /* WatchlistLogic.swift in Sources */ = {isa = PBXBuildFile; fileRef = B22DEA022BD83200003C9E0E /* WatchlistLogic.swift */; };
		B22DEA0A2BD83234003C9E0E /* Kingfisher in Frameworks */ = {isa = PBXBuildFile; productRef = B22DEA092BD83234003C9E0E /* Kingfisher */; };
		B22DEA0C2BD832D1003C9E0E /* HomeVC.swift in Sources */ = {isa = PBXBuildFile; fileRef = B22DEA0B2BD832D1003C9E0E /* HomeVC.swift */; };
		B22DEA102BD832FC003C9E0E /* GenresModel.swift in Sources */ = {isa = PBXBuildFile; fileRef = B22DEA0D2BD832FC003C9E0E /* GenresModel.swift */; };
		B22DEA112BD832FC003C9E0E /* MovieModel.swift in Sources */ = {isa = PBXBuildFile; fileRef = B22DEA0E2BD832FC003C9E0E /* MovieModel.swift */; };
		B22DEA272BD8330A003C9E0E /* .gitignore in Resources */ = {isa = PBXBuildFile; fileRef = B22DEA122BD8330A003C9E0E /* .gitignore */; };
		B22DEA282BD8330A003C9E0E /* genre-replacements.json in Resources */ = {isa = PBXBuildFile; fileRef = B22DEA132BD8330A003C9E0E /* genre-replacements.json */; };
		B22DEA292BD8330A003C9E0E /* genres.json in Resources */ = {isa = PBXBuildFile; fileRef = B22DEA142BD8330A003C9E0E /* genres.json */; };
		B22DEA2A2BD8330A003C9E0E /* LICENSE in Resources */ = {isa = PBXBuildFile; fileRef = B22DEA152BD8330A003C9E0E /* LICENSE */; };
		B22DEA2B2BD8330A003C9E0E /* movies-1900s.json in Resources */ = {isa = PBXBuildFile; fileRef = B22DEA162BD8330A003C9E0E /* movies-1900s.json */; };
		B22DEA2C2BD8330A003C9E0E /* movies-1910s.json in Resources */ = {isa = PBXBuildFile; fileRef = B22DEA172BD8330A003C9E0E /* movies-1910s.json */; };
		B22DEA2D2BD8330A003C9E0E /* movies-1920s.json in Resources */ = {isa = PBXBuildFile; fileRef = B22DEA182BD8330A003C9E0E /* movies-1920s.json */; };
		B22DEA2E2BD8330A003C9E0E /* movies-1930s.json in Resources */ = {isa = PBXBuildFile; fileRef = B22DEA192BD8330A003C9E0E /* movies-1930s.json */; };
		B22DEA2F2BD8330A003C9E0E /* movies-1940s.json in Resources */ = {isa = PBXBuildFile; fileRef = B22DEA1A2BD8330A003C9E0E /* movies-1940s.json */; };
		B22DEA302BD8330A003C9E0E /* movies-1950s.json in Resources */ = {isa = PBXBuildFile; fileRef = B22DEA1B2BD8330A003C9E0E /* movies-1950s.json */; };
		B22DEA312BD8330A003C9E0E /* movies-1960s.json in Resources */ = {isa = PBXBuildFile; fileRef = B22DEA1C2BD8330A003C9E0E /* movies-1960s.json */; };
		B22DEA322BD8330A003C9E0E /* movies-1970s.json in Resources */ = {isa = PBXBuildFile; fileRef = B22DEA1D2BD8330A003C9E0E /* movies-1970s.json */; };
		B22DEA332BD8330A003C9E0E /* movies-1980s.json in Resources */ = {isa = PBXBuildFile; fileRef = B22DEA1E2BD8330A003C9E0E /* movies-1980s.json */; };
		B22DEA342BD8330A003C9E0E /* movies-1990s.json in Resources */ = {isa = PBXBuildFile; fileRef = B22DEA1F2BD8330A003C9E0E /* movies-1990s.json */; };
		B22DEA352BD8330A003C9E0E /* movies-2000s.json in Resources */ = {isa = PBXBuildFile; fileRef = B22DEA202BD8330A003C9E0E /* movies-2000s.json */; };
		B22DEA362BD8330A003C9E0E /* movies-2010s.json in Resources */ = {isa = PBXBuildFile; fileRef = B22DEA212BD8330A003C9E0E /* movies-2010s.json */; };
		B22DEA372BD8330A003C9E0E /* movies-2020s.json in Resources */ = {isa = PBXBuildFile; fileRef = B22DEA222BD8330A003C9E0E /* movies-2020s.json */; };
		B22DEA382BD8330A003C9E0E /* movies.json in Resources */ = {isa = PBXBuildFile; fileRef = B22DEA232BD8330A003C9E0E /* movies.json */; };
		B22DEA392BD8330A003C9E0E /* package.json in Resources */ = {isa = PBXBuildFile; fileRef = B22DEA242BD8330A003C9E0E /* package.json */; };
		B22DEA3A2BD8330A003C9E0E /* README.md in Resources */ = {isa = PBXBuildFile; fileRef = B22DEA252BD8330A003C9E0E /* README.md */; };
/* End PBXBuildFile section */

/* Begin PBXFileReference section */
		8E249E0E2BD98F3300DD43B1 /* AllMovieVC.swift */ = {isa = PBXFileReference; lastKnownFileType = sourcecode.swift; path = AllMovieVC.swift; sourceTree = "<group>"; };
		8E249E102BD9977D00DD43B1 /* DetailVC.swift */ = {isa = PBXFileReference; lastKnownFileType = sourcecode.swift; path = DetailVC.swift; sourceTree = "<group>"; };
		8E249E122BD9A0BD00DD43B1 /* WatchListVC.swift */ = {isa = PBXFileReference; lastKnownFileType = sourcecode.swift; path = WatchListVC.swift; sourceTree = "<group>"; };
		8EAB40852BDCB97D00F91021 /* GenreVC.swift */ = {isa = PBXFileReference; lastKnownFileType = sourcecode.swift; path = GenreVC.swift; sourceTree = "<group>"; };
		8EAB40872BDCE41800F91021 /* LandingVC.swift */ = {isa = PBXFileReference; lastKnownFileType = sourcecode.swift; path = LandingVC.swift; sourceTree = "<group>"; };
		B22DE9E82BD83046003C9E0E /* Movie Hub list.app */ = {isa = PBXFileReference; explicitFileType = wrapper.application; includeInIndex = 0; path = "Movie Hub list.app"; sourceTree = BUILT_PRODUCTS_DIR; };
		B22DE9EB2BD83046003C9E0E /* AppDelegate.swift */ = {isa = PBXFileReference; lastKnownFileType = sourcecode.swift; path = AppDelegate.swift; sourceTree = "<group>"; };
		B22DE9EF2BD83046003C9E0E /* ViewController.swift */ = {isa = PBXFileReference; lastKnownFileType = sourcecode.swift; path = ViewController.swift; sourceTree = "<group>"; };
		B22DE9F22BD83046003C9E0E /* Base */ = {isa = PBXFileReference; lastKnownFileType = file.storyboard; name = Base; path = Base.lproj/Main.storyboard; sourceTree = "<group>"; };
		B22DE9F42BD8304A003C9E0E /* Assets.xcassets */ = {isa = PBXFileReference; lastKnownFileType = folder.assetcatalog; path = Assets.xcassets; sourceTree = "<group>"; };
		B22DE9F72BD8304A003C9E0E /* Base */ = {isa = PBXFileReference; lastKnownFileType = file.storyboard; name = Base; path = Base.lproj/LaunchScreen.storyboard; sourceTree = "<group>"; };
		B22DE9F92BD8304A003C9E0E /* Info.plist */ = {isa = PBXFileReference; lastKnownFileType = text.plist.xml; path = Info.plist; sourceTree = "<group>"; };
		B22DE9FF2BD83200003C9E0E /* CustomCollectionView.swift */ = {isa = PBXFileReference; fileEncoding = 4; lastKnownFileType = sourcecode.swift; path = CustomCollectionView.swift; sourceTree = "<group>"; };
		B22DEA002BD83200003C9E0E /* Extensions.swift */ = {isa = PBXFileReference; fileEncoding = 4; lastKnownFileType = sourcecode.swift; path = Extensions.swift; sourceTree = "<group>"; };
		B22DEA012BD83200003C9E0E /* navigationHelper.swift */ = {isa = PBXFileReference; fileEncoding = 4; lastKnownFileType = sourcecode.swift; path = navigationHelper.swift; sourceTree = "<group>"; };
		B22DEA022BD83200003C9E0E /* WatchlistLogic.swift */ = {isa = PBXFileReference; fileEncoding = 4; lastKnownFileType = sourcecode.swift; path = WatchlistLogic.swift; sourceTree = "<group>"; };
		B22DEA0B2BD832D1003C9E0E /* HomeVC.swift */ = {isa = PBXFileReference; lastKnownFileType = sourcecode.swift; path = HomeVC.swift; sourceTree = "<group>"; };
		B22DEA0D2BD832FC003C9E0E /* GenresModel.swift */ = {isa = PBXFileReference; fileEncoding = 4; lastKnownFileType = sourcecode.swift; path = GenresModel.swift; sourceTree = "<group>"; };
		B22DEA0E2BD832FC003C9E0E /* MovieModel.swift */ = {isa = PBXFileReference; fileEncoding = 4; lastKnownFileType = sourcecode.swift; path = MovieModel.swift; sourceTree = "<group>"; };
		B22DEA122BD8330A003C9E0E /* .gitignore */ = {isa = PBXFileReference; fileEncoding = 4; lastKnownFileType = text; path = .gitignore; sourceTree = "<group>"; };
		B22DEA132BD8330A003C9E0E /* genre-replacements.json */ = {isa = PBXFileReference; fileEncoding = 4; lastKnownFileType = text.json; path = "genre-replacements.json"; sourceTree = "<group>"; };
		B22DEA142BD8330A003C9E0E /* genres.json */ = {isa = PBXFileReference; fileEncoding = 4; lastKnownFileType = text.json; path = genres.json; sourceTree = "<group>"; };
		B22DEA152BD8330A003C9E0E /* LICENSE */ = {isa = PBXFileReference; fileEncoding = 4; lastKnownFileType = text; path = LICENSE; sourceTree = "<group>"; };
		B22DEA162BD8330A003C9E0E /* movies-1900s.json */ = {isa = PBXFileReference; fileEncoding = 4; lastKnownFileType = text.json; path = "movies-1900s.json"; sourceTree = "<group>"; };
		B22DEA172BD8330A003C9E0E /* movies-1910s.json */ = {isa = PBXFileReference; fileEncoding = 4; lastKnownFileType = text.json; path = "movies-1910s.json"; sourceTree = "<group>"; };
		B22DEA182BD8330A003C9E0E /* movies-1920s.json */ = {isa = PBXFileReference; fileEncoding = 4; lastKnownFileType = text.json; path = "movies-1920s.json"; sourceTree = "<group>"; };
		B22DEA192BD8330A003C9E0E /* movies-1930s.json */ = {isa = PBXFileReference; fileEncoding = 4; lastKnownFileType = text.json; path = "movies-1930s.json"; sourceTree = "<group>"; };
		B22DEA1A2BD8330A003C9E0E /* movies-1940s.json */ = {isa = PBXFileReference; fileEncoding = 4; lastKnownFileType = text.json; path = "movies-1940s.json"; sourceTree = "<group>"; };
		B22DEA1B2BD8330A003C9E0E /* movies-1950s.json */ = {isa = PBXFileReference; fileEncoding = 4; lastKnownFileType = text.json; path = "movies-1950s.json"; sourceTree = "<group>"; };
		B22DEA1C2BD8330A003C9E0E /* movies-1960s.json */ = {isa = PBXFileReference; fileEncoding = 4; lastKnownFileType = text.json; path = "movies-1960s.json"; sourceTree = "<group>"; };
		B22DEA1D2BD8330A003C9E0E /* movies-1970s.json */ = {isa = PBXFileReference; fileEncoding = 4; lastKnownFileType = text.json; path = "movies-1970s.json"; sourceTree = "<group>"; };
		B22DEA1E2BD8330A003C9E0E /* movies-1980s.json */ = {isa = PBXFileReference; fileEncoding = 4; lastKnownFileType = text.json; path = "movies-1980s.json"; sourceTree = "<group>"; };
		B22DEA1F2BD8330A003C9E0E /* movies-1990s.json */ = {isa = PBXFileReference; fileEncoding = 4; lastKnownFileType = text.json; path = "movies-1990s.json"; sourceTree = "<group>"; };
		B22DEA202BD8330A003C9E0E /* movies-2000s.json */ = {isa = PBXFileReference; fileEncoding = 4; lastKnownFileType = text.json; path = "movies-2000s.json"; sourceTree = "<group>"; };
		B22DEA212BD8330A003C9E0E /* movies-2010s.json */ = {isa = PBXFileReference; fileEncoding = 4; lastKnownFileType = text.json; path = "movies-2010s.json"; sourceTree = "<group>"; };
		B22DEA222BD8330A003C9E0E /* movies-2020s.json */ = {isa = PBXFileReference; fileEncoding = 4; lastKnownFileType = text.json; path = "movies-2020s.json"; sourceTree = "<group>"; };
		B22DEA232BD8330A003C9E0E /* movies.json */ = {isa = PBXFileReference; fileEncoding = 4; lastKnownFileType = text.json; path = movies.json; sourceTree = "<group>"; };
		B22DEA242BD8330A003C9E0E /* package.json */ = {isa = PBXFileReference; fileEncoding = 4; lastKnownFileType = text.json; path = package.json; sourceTree = "<group>"; };
		B22DEA252BD8330A003C9E0E /* README.md */ = {isa = PBXFileReference; fileEncoding = 4; lastKnownFileType = net.daringfireball.markdown; path = README.md; sourceTree = "<group>"; };
/* End PBXFileReference section */

/* Begin PBXFrameworksBuildPhase section */
		B22DE9E52BD83046003C9E0E /* Frameworks */ = {
			isa = PBXFrameworksBuildPhase;
			buildActionMask = 2147483647;
			files = (
				B22DEA0A2BD83234003C9E0E /* Kingfisher in Frameworks */,
			);
			runOnlyForDeploymentPostprocessing = 0;
		};
/* End PBXFrameworksBuildPhase section */

/* Begin PBXGroup section */
		B22DE9DF2BD83046003C9E0E = {
			isa = PBXGroup;
			children = (
				B22DEA262BD8330A003C9E0E /* Movies */,
				B22DE9EA2BD83046003C9E0E /* Movie Hub list */,
				B22DE9E92BD83046003C9E0E /* Products */,
			);
			sourceTree = "<group>";
		};
		B22DE9E92BD83046003C9E0E /* Products */ = {
			isa = PBXGroup;
			children = (
				B22DE9E82BD83046003C9E0E /* Movie Hub list.app */,
			);
			name = Products;
			sourceTree = "<group>";
		};
		B22DE9EA2BD83046003C9E0E /* Movie Hub list */ = {
			isa = PBXGroup;
			children = (
				B22DE9EB2BD83046003C9E0E /* AppDelegate.swift */,
				B22DE9EF2BD83046003C9E0E /* ViewController.swift */,
				B22DE9F12BD83046003C9E0E /* Main.storyboard */,
				8E249E122BD9A0BD00DD43B1 /* WatchListVC.swift */,
				B22DE9F42BD8304A003C9E0E /* Assets.xcassets */,
				B22DEA0F2BD832FC003C9E0E /* Model */,
				B22DEA032BD83200003C9E0E /* Helper */,
				B22DE9F62BD8304A003C9E0E /* LaunchScreen.storyboard */,
				B22DE9F92BD8304A003C9E0E /* Info.plist */,
				B22DEA0B2BD832D1003C9E0E /* HomeVC.swift */,
				8E249E0E2BD98F3300DD43B1 /* AllMovieVC.swift */,
				8E249E102BD9977D00DD43B1 /* DetailVC.swift */,
				8EAB40852BDCB97D00F91021 /* GenreVC.swift */,
				8EAB40872BDCE41800F91021 /* LandingVC.swift */,
			);
			path = "Movie Hub list";
			sourceTree = "<group>";
		};
		B22DEA032BD83200003C9E0E /* Helper */ = {
			isa = PBXGroup;
			children = (
				B22DE9FF2BD83200003C9E0E /* CustomCollectionView.swift */,
				B22DEA002BD83200003C9E0E /* Extensions.swift */,
				B22DEA012BD83200003C9E0E /* navigationHelper.swift */,
				B22DEA022BD83200003C9E0E /* WatchlistLogic.swift */,
			);
			path = Helper;
			sourceTree = "<group>";
		};
		B22DEA0F2BD832FC003C9E0E /* Model */ = {
			isa = PBXGroup;
			children = (
				B22DEA0D2BD832FC003C9E0E /* GenresModel.swift */,
				B22DEA0E2BD832FC003C9E0E /* MovieModel.swift */,
			);
			path = Model;
			sourceTree = "<group>";
		};
		B22DEA262BD8330A003C9E0E /* Movies */ = {
			isa = PBXGroup;
			children = (
				B22DEA122BD8330A003C9E0E /* .gitignore */,
				B22DEA132BD8330A003C9E0E /* genre-replacements.json */,
				B22DEA142BD8330A003C9E0E /* genres.json */,
				B22DEA152BD8330A003C9E0E /* LICENSE */,
				B22DEA162BD8330A003C9E0E /* movies-1900s.json */,
				B22DEA172BD8330A003C9E0E /* movies-1910s.json */,
				B22DEA182BD8330A003C9E0E /* movies-1920s.json */,
				B22DEA192BD8330A003C9E0E /* movies-1930s.json */,
				B22DEA1A2BD8330A003C9E0E /* movies-1940s.json */,
				B22DEA1B2BD8330A003C9E0E /* movies-1950s.json */,
				B22DEA1C2BD8330A003C9E0E /* movies-1960s.json */,
				B22DEA1D2BD8330A003C9E0E /* movies-1970s.json */,
				B22DEA1E2BD8330A003C9E0E /* movies-1980s.json */,
				B22DEA1F2BD8330A003C9E0E /* movies-1990s.json */,
				B22DEA202BD8330A003C9E0E /* movies-2000s.json */,
				B22DEA212BD8330A003C9E0E /* movies-2010s.json */,
				B22DEA222BD8330A003C9E0E /* movies-2020s.json */,
				B22DEA232BD8330A003C9E0E /* movies.json */,
				B22DEA242BD8330A003C9E0E /* package.json */,
				B22DEA252BD8330A003C9E0E /* README.md */,
			);
			path = Movies;
			sourceTree = "<group>";
		};
/* End PBXGroup section */

/* Begin PBXNativeTarget section */
		B22DE9E72BD83046003C9E0E /* Movie Hub list */ = {
			isa = PBXNativeTarget;
			buildConfigurationList = B22DE9FC2BD8304A003C9E0E /* Build configuration list for PBXNativeTarget "Movie Hub list" */;
			buildPhases = (
				B22DE9E42BD83046003C9E0E /* Sources */,
				B22DE9E52BD83046003C9E0E /* Frameworks */,
				B22DE9E62BD83046003C9E0E /* Resources */,
			);
			buildRules = (
			);
			dependencies = (
			);
			name = "Movie Hub list";
			packageProductDependencies = (
				B22DEA092BD83234003C9E0E /* Kingfisher */,
			);
			productName = "Movie Hub list";
			productReference = B22DE9E82BD83046003C9E0E /* Movie Hub list.app */;
			productType = "com.apple.product-type.application";
		};
/* End PBXNativeTarget section */

/* Begin PBXProject section */
		B22DE9E02BD83046003C9E0E /* Project object */ = {
			isa = PBXProject;
			attributes = {
				BuildIndependentTargetsInParallel = 1;
				LastSwiftUpdateCheck = 1530;
				LastUpgradeCheck = 1530;
				TargetAttributes = {
					B22DE9E72BD83046003C9E0E = {
						CreatedOnToolsVersion = 15.3;
					};
				};
			};
			buildConfigurationList = B22DE9E32BD83046003C9E0E /* Build configuration list for PBXProject "Movie Hub list" */;
			compatibilityVersion = "Xcode 14.0";
			developmentRegion = en;
			hasScannedForEncodings = 0;
			knownRegions = (
				en,
				Base,
			);
			mainGroup = B22DE9DF2BD83046003C9E0E;
			packageReferences = (
				B22DEA082BD83234003C9E0E /* XCRemoteSwiftPackageReference "Kingfisher" */,
			);
			productRefGroup = B22DE9E92BD83046003C9E0E /* Products */;
			projectDirPath = "";
			projectRoot = "";
			targets = (
				B22DE9E72BD83046003C9E0E /* Movie Hub list */,
			);
		};
/* End PBXProject section */

/* Begin PBXResourcesBuildPhase section */
		B22DE9E62BD83046003C9E0E /* Resources */ = {
			isa = PBXResourcesBuildPhase;
			buildActionMask = 2147483647;
			files = (
				B22DEA272BD8330A003C9E0E /* .gitignore in Resources */,
				B22DEA342BD8330A003C9E0E /* movies-1990s.json in Resources */,
				B22DEA292BD8330A003C9E0E /* genres.json in Resources */,
				B22DEA2D2BD8330A003C9E0E /* movies-1920s.json in Resources */,
				B22DE9F52BD8304A003C9E0E /* Assets.xcassets in Resources */,
				B22DEA312BD8330A003C9E0E /* movies-1960s.json in Resources */,
				B22DEA2A2BD8330A003C9E0E /* LICENSE in Resources */,
				B22DEA2E2BD8330A003C9E0E /* movies-1930s.json in Resources */,
				B22DEA3A2BD8330A003C9E0E /* README.md in Resources */,
				B22DEA372BD8330A003C9E0E /* movies-2020s.json in Resources */,
				B22DEA2F2BD8330A003C9E0E /* movies-1940s.json in Resources */,
				B22DE9F82BD8304A003C9E0E /* Base in Resources */,
				B22DEA352BD8330A003C9E0E /* movies-2000s.json in Resources */,
				B22DEA382BD8330A003C9E0E /* movies.json in Resources */,
				B22DEA282BD8330A003C9E0E /* genre-replacements.json in Resources */,
				B22DEA392BD8330A003C9E0E /* package.json in Resources */,
				B22DEA302BD8330A003C9E0E /* movies-1950s.json in Resources */,
				B22DEA322BD8330A003C9E0E /* movies-1970s.json in Resources */,
				B22DEA2C2BD8330A003C9E0E /* movies-1910s.json in Resources */,
				B22DEA2B2BD8330A003C9E0E /* movies-1900s.json in Resources */,
				B22DEA332BD8330A003C9E0E /* movies-1980s.json in Resources */,
				B22DEA362BD8330A003C9E0E /* movies-2010s.json in Resources */,
				B22DE9F32BD83046003C9E0E /* Base in Resources */,
			);
			runOnlyForDeploymentPostprocessing = 0;
		};
/* End PBXResourcesBuildPhase section */

/* Begin PBXSourcesBuildPhase section */
		B22DE9E42BD83046003C9E0E /* Sources */ = {
			isa = PBXSourcesBuildPhase;
			buildActionMask = 2147483647;
			files = (
				8E249E132BD9A0BD00DD43B1 /* WatchListVC.swift in Sources */,
				B22DEA112BD832FC003C9E0E /* MovieModel.swift in Sources */,
				B22DEA072BD83200003C9E0E /* WatchlistLogic.swift in Sources */,
				B22DEA102BD832FC003C9E0E /* GenresModel.swift in Sources */,
				8E249E112BD9977D00DD43B1 /* DetailVC.swift in Sources */,
				B22DEA0C2BD832D1003C9E0E /* HomeVC.swift in Sources */,
				B22DEA042BD83200003C9E0E /* CustomCollectionView.swift in Sources */,
				B22DE9F02BD83046003C9E0E /* ViewController.swift in Sources */,
				B22DE9EC2BD83046003C9E0E /* AppDelegate.swift in Sources */,
				B22DEA062BD83200003C9E0E /* navigationHelper.swift in Sources */,
				8EAB40882BDCE41800F91021 /* LandingVC.swift in Sources */,
				8EAB40862BDCB97D00F91021 /* GenreVC.swift in Sources */,
				B22DEA052BD83200003C9E0E /* Extensions.swift in Sources */,
				8E249E0F2BD98F3300DD43B1 /* AllMovieVC.swift in Sources */,
			);
			runOnlyForDeploymentPostprocessing = 0;
		};
/* End PBXSourcesBuildPhase section */

/* Begin PBXVariantGroup section */
		B22DE9F12BD83046003C9E0E /* Main.storyboard */ = {
			isa = PBXVariantGroup;
			children = (
				B22DE9F22BD83046003C9E0E /* Base */,
			);
			name = Main.storyboard;
			sourceTree = "<group>";
		};
		B22DE9F62BD8304A003C9E0E /* LaunchScreen.storyboard */ = {
			isa = PBXVariantGroup;
			children = (
				B22DE9F72BD8304A003C9E0E /* Base */,
			);
			name = LaunchScreen.storyboard;
			sourceTree = "<group>";
		};
/* End PBXVariantGroup section */

/* Begin XCBuildConfiguration section */
		B22DE9FA2BD8304A003C9E0E /* Debug */ = {
			isa = XCBuildConfiguration;
			buildSettings = {
				ALWAYS_SEARCH_USER_PATHS = NO;
				ASSETCATALOG_COMPILER_GENERATE_SWIFT_ASSET_SYMBOL_EXTENSIONS = YES;
				CLANG_ANALYZER_NONNULL = YES;
				CLANG_ANALYZER_NUMBER_OBJECT_CONVERSION = YES_AGGRESSIVE;
				CLANG_CXX_LANGUAGE_STANDARD = "gnu++20";
				CLANG_ENABLE_MODULES = YES;
				CLANG_ENABLE_OBJC_ARC = YES;
				CLANG_ENABLE_OBJC_WEAK = YES;
				CLANG_WARN_BLOCK_CAPTURE_AUTORELEASING = YES;
				CLANG_WARN_BOOL_CONVERSION = YES;
				CLANG_WARN_COMMA = YES;
				CLANG_WARN_CONSTANT_CONVERSION = YES;
				CLANG_WARN_DEPRECATED_OBJC_IMPLEMENTATIONS = YES;
				CLANG_WARN_DIRECT_OBJC_ISA_USAGE = YES_ERROR;
				CLANG_WARN_DOCUMENTATION_COMMENTS = YES;
				CLANG_WARN_EMPTY_BODY = YES;
				CLANG_WARN_ENUM_CONVERSION = YES;
				CLANG_WARN_INFINITE_RECURSION = YES;
				CLANG_WARN_INT_CONVERSION = YES;
				CLANG_WARN_NON_LITERAL_NULL_CONVERSION = YES;
				CLANG_WARN_OBJC_IMPLICIT_RETAIN_SELF = YES;
				CLANG_WARN_OBJC_LITERAL_CONVERSION = YES;
				CLANG_WARN_OBJC_ROOT_CLASS = YES_ERROR;
				CLANG_WARN_QUOTED_INCLUDE_IN_FRAMEWORK_HEADER = YES;
				CLANG_WARN_RANGE_LOOP_ANALYSIS = YES;
				CLANG_WARN_STRICT_PROTOTYPES = YES;
				CLANG_WARN_SUSPICIOUS_MOVE = YES;
				CLANG_WARN_UNGUARDED_AVAILABILITY = YES_AGGRESSIVE;
				CLANG_WARN_UNREACHABLE_CODE = YES;
				CLANG_WARN__DUPLICATE_METHOD_MATCH = YES;
				COPY_PHASE_STRIP = NO;
				DEBUG_INFORMATION_FORMAT = dwarf;
				ENABLE_STRICT_OBJC_MSGSEND = YES;
				ENABLE_TESTABILITY = YES;
				ENABLE_USER_SCRIPT_SANDBOXING = YES;
				GCC_C_LANGUAGE_STANDARD = gnu17;
				GCC_DYNAMIC_NO_PIC = NO;
				GCC_NO_COMMON_BLOCKS = YES;
				GCC_OPTIMIZATION_LEVEL = 0;
				GCC_PREPROCESSOR_DEFINITIONS = (
					"DEBUG=1",
					"$(inherited)",
				);
				GCC_WARN_64_TO_32_BIT_CONVERSION = YES;
				GCC_WARN_ABOUT_RETURN_TYPE = YES_ERROR;
				GCC_WARN_UNDECLARED_SELECTOR = YES;
				GCC_WARN_UNINITIALIZED_AUTOS = YES_AGGRESSIVE;
				GCC_WARN_UNUSED_FUNCTION = YES;
				GCC_WARN_UNUSED_VARIABLE = YES;
				IPHONEOS_DEPLOYMENT_TARGET = 12.0;
				LOCALIZATION_PREFERS_STRING_CATALOGS = YES;
				MTL_ENABLE_DEBUG_INFO = INCLUDE_SOURCE;
				MTL_FAST_MATH = YES;
				ONLY_ACTIVE_ARCH = YES;
				SDKROOT = iphoneos;
				SWIFT_ACTIVE_COMPILATION_CONDITIONS = "DEBUG $(inherited)";
				SWIFT_OPTIMIZATION_LEVEL = "-Onone";
			};
			name = Debug;
		};
		B22DE9FB2BD8304A003C9E0E /* Release */ = {
			isa = XCBuildConfiguration;
			buildSettings = {
				ALWAYS_SEARCH_USER_PATHS = NO;
				ASSETCATALOG_COMPILER_GENERATE_SWIFT_ASSET_SYMBOL_EXTENSIONS = YES;
				CLANG_ANALYZER_NONNULL = YES;
				CLANG_ANALYZER_NUMBER_OBJECT_CONVERSION = YES_AGGRESSIVE;
				CLANG_CXX_LANGUAGE_STANDARD = "gnu++20";
				CLANG_ENABLE_MODULES = YES;
				CLANG_ENABLE_OBJC_ARC = YES;
				CLANG_ENABLE_OBJC_WEAK = YES;
				CLANG_WARN_BLOCK_CAPTURE_AUTORELEASING = YES;
				CLANG_WARN_BOOL_CONVERSION = YES;
				CLANG_WARN_COMMA = YES;
				CLANG_WARN_CONSTANT_CONVERSION = YES;
				CLANG_WARN_DEPRECATED_OBJC_IMPLEMENTATIONS = YES;
				CLANG_WARN_DIRECT_OBJC_ISA_USAGE = YES_ERROR;
				CLANG_WARN_DOCUMENTATION_COMMENTS = YES;
				CLANG_WARN_EMPTY_BODY = YES;
				CLANG_WARN_ENUM_CONVERSION = YES;
				CLANG_WARN_INFINITE_RECURSION = YES;
				CLANG_WARN_INT_CONVERSION = YES;
				CLANG_WARN_NON_LITERAL_NULL_CONVERSION = YES;
				CLANG_WARN_OBJC_IMPLICIT_RETAIN_SELF = YES;
				CLANG_WARN_OBJC_LITERAL_CONVERSION = YES;
				CLANG_WARN_OBJC_ROOT_CLASS = YES_ERROR;
				CLANG_WARN_QUOTED_INCLUDE_IN_FRAMEWORK_HEADER = YES;
				CLANG_WARN_RANGE_LOOP_ANALYSIS = YES;
				CLANG_WARN_STRICT_PROTOTYPES = YES;
				CLANG_WARN_SUSPICIOUS_MOVE = YES;
				CLANG_WARN_UNGUARDED_AVAILABILITY = YES_AGGRESSIVE;
				CLANG_WARN_UNREACHABLE_CODE = YES;
				CLANG_WARN__DUPLICATE_METHOD_MATCH = YES;
				COPY_PHASE_STRIP = NO;
				DEBUG_INFORMATION_FORMAT = "dwarf-with-dsym";
				ENABLE_NS_ASSERTIONS = NO;
				ENABLE_STRICT_OBJC_MSGSEND = YES;
				ENABLE_USER_SCRIPT_SANDBOXING = YES;
				GCC_C_LANGUAGE_STANDARD = gnu17;
				GCC_NO_COMMON_BLOCKS = YES;
				GCC_WARN_64_TO_32_BIT_CONVERSION = YES;
				GCC_WARN_ABOUT_RETURN_TYPE = YES_ERROR;
				GCC_WARN_UNDECLARED_SELECTOR = YES;
				GCC_WARN_UNINITIALIZED_AUTOS = YES_AGGRESSIVE;
				GCC_WARN_UNUSED_FUNCTION = YES;
				GCC_WARN_UNUSED_VARIABLE = YES;
				IPHONEOS_DEPLOYMENT_TARGET = 12.0;
				LOCALIZATION_PREFERS_STRING_CATALOGS = YES;
				MTL_ENABLE_DEBUG_INFO = NO;
				MTL_FAST_MATH = YES;
				SDKROOT = iphoneos;
				SWIFT_COMPILATION_MODE = wholemodule;
				VALIDATE_PRODUCT = YES;
			};
			name = Release;
		};
		B22DE9FD2BD8304A003C9E0E /* Debug */ = {
			isa = XCBuildConfiguration;
			buildSettings = {
				ASSETCATALOG_COMPILER_APPICON_NAME = AppIcon;
				ASSETCATALOG_COMPILER_GLOBAL_ACCENT_COLOR_NAME = AccentColor;
				CODE_SIGN_STYLE = Automatic;
				CURRENT_PROJECT_VERSION = 1;
				GENERATE_INFOPLIST_FILE = YES;
				INFOPLIST_FILE = "Movie Hub list/Info.plist";
				INFOPLIST_KEY_UIApplicationSupportsIndirectInputEvents = YES;
				INFOPLIST_KEY_UILaunchStoryboardName = LaunchScreen;
				INFOPLIST_KEY_UIMainStoryboardFile = Main;
				INFOPLIST_KEY_UISupportedInterfaceOrientations_iPad = "UIInterfaceOrientationPortrait UIInterfaceOrientationPortraitUpsideDown UIInterfaceOrientationLandscapeLeft UIInterfaceOrientationLandscapeRight";
				INFOPLIST_KEY_UISupportedInterfaceOrientations_iPhone = "UIInterfaceOrientationPortrait UIInterfaceOrientationLandscapeLeft UIInterfaceOrientationLandscapeRight";
				IPHONEOS_DEPLOYMENT_TARGET = 12.0;
				LD_RUNPATH_SEARCH_PATHS = (
					"$(inherited)",
					"@executable_path/Frameworks",
				);
				MARKETING_VERSION = 1.0;
				PRODUCT_BUNDLE_IDENTIFIER = "com.myorg.Movie-Hub-list";
				PRODUCT_NAME = "$(TARGET_NAME)";
				SUPPORTED_PLATFORMS = "iphoneos iphonesimulator";
				SUPPORTS_MACCATALYST = NO;
				SUPPORTS_MAC_DESIGNED_FOR_IPHONE_IPAD = NO;
				SUPPORTS_XR_DESIGNED_FOR_IPHONE_IPAD = NO;
				SWIFT_EMIT_LOC_STRINGS = YES;
				SWIFT_VERSION = 5.0;
				TARGETED_DEVICE_FAMILY = 1;
			};
			name = Debug;
		};
		B22DE9FE2BD8304A003C9E0E /* Release */ = {
			isa = XCBuildConfiguration;
			buildSettings = {
				ASSETCATALOG_COMPILER_APPICON_NAME = AppIcon;
				ASSETCATALOG_COMPILER_GLOBAL_ACCENT_COLOR_NAME = AccentColor;
				CODE_SIGN_STYLE = Automatic;
				CURRENT_PROJECT_VERSION = 1;
				GENERATE_INFOPLIST_FILE = YES;
				INFOPLIST_FILE = "Movie Hub list/Info.plist";
				INFOPLIST_KEY_UIApplicationSupportsIndirectInputEvents = YES;
				INFOPLIST_KEY_UILaunchStoryboardName = LaunchScreen;
				INFOPLIST_KEY_UIMainStoryboardFile = Main;
				INFOPLIST_KEY_UISupportedInterfaceOrientations_iPad = "UIInterfaceOrientationPortrait UIInterfaceOrientationPortraitUpsideDown UIInterfaceOrientationLandscapeLeft UIInterfaceOrientationLandscapeRight";
				INFOPLIST_KEY_UISupportedInterfaceOrientations_iPhone = "UIInterfaceOrientationPortrait UIInterfaceOrientationLandscapeLeft UIInterfaceOrientationLandscapeRight";
				IPHONEOS_DEPLOYMENT_TARGET = 12.0;
				LD_RUNPATH_SEARCH_PATHS = (
					"$(inherited)",
					"@executable_path/Frameworks",
				);
				MARKETING_VERSION = 1.0;
				PRODUCT_BUNDLE_IDENTIFIER = "com.myorg.Movie-Hub-list";
				PRODUCT_NAME = "$(TARGET_NAME)";
				SUPPORTED_PLATFORMS = "iphoneos iphonesimulator";
				SUPPORTS_MACCATALYST = NO;
				SUPPORTS_MAC_DESIGNED_FOR_IPHONE_IPAD = NO;
				SUPPORTS_XR_DESIGNED_FOR_IPHONE_IPAD = NO;
				SWIFT_EMIT_LOC_STRINGS = YES;
				SWIFT_VERSION = 5.0;
				TARGETED_DEVICE_FAMILY = 1;
			};
			name = Release;
		};
/* End XCBuildConfiguration section */

/* Begin XCConfigurationList section */
		B22DE9E32BD83046003C9E0E /* Build configuration list for PBXProject "Movie Hub list" */ = {
			isa = XCConfigurationList;
			buildConfigurations = (
				B22DE9FA2BD8304A003C9E0E /* Debug */,
				B22DE9FB2BD8304A003C9E0E /* Release */,
			);
			defaultConfigurationIsVisible = 0;
			defaultConfigurationName = Release;
		};
		B22DE9FC2BD8304A003C9E0E /* Build configuration list for PBXNativeTarget "Movie Hub list" */ = {
			isa = XCConfigurationList;
			buildConfigurations = (
				B22DE9FD2BD8304A003C9E0E /* Debug */,
				B22DE9FE2BD8304A003C9E0E /* Release */,
			);
			defaultConfigurationIsVisible = 0;
			defaultConfigurationName = Release;
		};
/* End XCConfigurationList section */

/* Begin XCRemoteSwiftPackageReference section */
		B22DEA082BD83234003C9E0E /* XCRemoteSwiftPackageReference "Kingfisher" */ = {
			isa = XCRemoteSwiftPackageReference;
			repositoryURL = "https://github.com/onevcat/Kingfisher.git";
			requirement = {
				kind = upToNextMajorVersion;
				minimumVersion = 7.11.0;
			};
		};
/* End XCRemoteSwiftPackageReference section */

/* Begin XCSwiftPackageProductDependency section */
		B22DEA092BD83234003C9E0E /* Kingfisher */ = {
			isa = XCSwiftPackageProductDependency;
			package = B22DEA082BD83234003C9E0E /* XCRemoteSwiftPackageReference "Kingfisher" */;
			productName = Kingfisher;
		};
/* End XCSwiftPackageProductDependency section */
	};
	rootObject = B22DE9E02BD83046003C9E0E /* Project object */;
}
